// !$*UTF8*$!
{
	archiveVersion = 1;
	classes = {
	};
	objectVersion = 46;
	objects = {

/* Begin PBXBuildFile section */
		4C2776AD1A6C55F4007B1133 /* AppDelegate.swift in Sources */ = {isa = PBXBuildFile; fileRef = 4C2776AC1A6C55F4007B1133 /* AppDelegate.swift */; };
		4C2776AF1A6C55F4007B1133 /* ViewController.swift in Sources */ = {isa = PBXBuildFile; fileRef = 4C2776AE1A6C55F4007B1133 /* ViewController.swift */; };
		4C2776B41A6C55F4007B1133 /* Images.xcassets in Resources */ = {isa = PBXBuildFile; fileRef = 4C2776B31A6C55F4007B1133 /* Images.xcassets */; };
		4C2776B71A6C55F4007B1133 /* LaunchScreen.xib in Resources */ = {isa = PBXBuildFile; fileRef = 4C2776B51A6C55F4007B1133 /* LaunchScreen.xib */; };
		4C8EA0C21A6C5F05001782BA /* Timber.framework in Frameworks */ = {isa = PBXBuildFile; fileRef = 4C8EA0BF1A6C5EF9001782BA /* Timber.framework */; };
		4C8EA0C31A6C5F05001782BA /* Timber.framework in Embed Frameworks */ = {isa = PBXBuildFile; fileRef = 4C8EA0BF1A6C5EF9001782BA /* Timber.framework */; settings = {ATTRIBUTES = (CodeSignOnCopy, RemoveHeadersOnCopy, ); }; };
/* End PBXBuildFile section */

/* Begin PBXContainerItemProxy section */
		4C8EA0BE1A6C5EF9001782BA /* PBXContainerItemProxy */ = {
			isa = PBXContainerItemProxy;
			containerPortal = 4C8EA0B91A6C5EF9001782BA /* Timber.xcodeproj */;
			proxyType = 2;
			remoteGlobalIDString = 4CFE82991A6C484A0002868E;
			remoteInfo = Timber;
		};
		4C8EA0C01A6C5EF9001782BA /* PBXContainerItemProxy */ = {
			isa = PBXContainerItemProxy;
			containerPortal = 4C8EA0B91A6C5EF9001782BA /* Timber.xcodeproj */;
			proxyType = 2;
			remoteGlobalIDString = 4CFE82A41A6C484A0002868E;
			remoteInfo = TimberTests;
		};
		4C8EA0C41A6C5F05001782BA /* PBXContainerItemProxy */ = {
			isa = PBXContainerItemProxy;
			containerPortal = 4C8EA0B91A6C5EF9001782BA /* Timber.xcodeproj */;
			proxyType = 1;
			remoteGlobalIDString = 4CFE82981A6C484A0002868E;
			remoteInfo = Timber;
		};
/* End PBXContainerItemProxy section */

/* Begin PBXCopyFilesBuildPhase section */
		4C8EA0C61A6C5F05001782BA /* Embed Frameworks */ = {
			isa = PBXCopyFilesBuildPhase;
			buildActionMask = 2147483647;
			dstPath = "";
			dstSubfolderSpec = 10;
			files = (
				4C8EA0C31A6C5F05001782BA /* Timber.framework in Embed Frameworks */,
			);
			name = "Embed Frameworks";
			runOnlyForDeploymentPostprocessing = 0;
		};
/* End PBXCopyFilesBuildPhase section */

/* Begin PBXFileReference section */
		4C2776A71A6C55F4007B1133 /* Example.app */ = {isa = PBXFileReference; explicitFileType = wrapper.application; includeInIndex = 0; path = Example.app; sourceTree = BUILT_PRODUCTS_DIR; };
		4C2776AB1A6C55F4007B1133 /* Info.plist */ = {isa = PBXFileReference; lastKnownFileType = text.plist.xml; path = Info.plist; sourceTree = "<group>"; };
		4C2776AC1A6C55F4007B1133 /* AppDelegate.swift */ = {isa = PBXFileReference; lastKnownFileType = sourcecode.swift; path = AppDelegate.swift; sourceTree = "<group>"; };
		4C2776AE1A6C55F4007B1133 /* ViewController.swift */ = {isa = PBXFileReference; lastKnownFileType = sourcecode.swift; path = ViewController.swift; sourceTree = "<group>"; };
		4C2776B31A6C55F4007B1133 /* Images.xcassets */ = {isa = PBXFileReference; lastKnownFileType = folder.assetcatalog; path = Images.xcassets; sourceTree = "<group>"; };
		4C2776B61A6C55F4007B1133 /* Base */ = {isa = PBXFileReference; lastKnownFileType = file.xib; name = Base; path = Base.lproj/LaunchScreen.xib; sourceTree = "<group>"; };
		4C8EA0B91A6C5EF9001782BA /* Timber.xcodeproj */ = {isa = PBXFileReference; lastKnownFileType = "wrapper.pb-project"; path = Timber.xcodeproj; sourceTree = "<group>"; };
/* End PBXFileReference section */

/* Begin PBXFrameworksBuildPhase section */
		4C2776A41A6C55F4007B1133 /* Frameworks */ = {
			isa = PBXFrameworksBuildPhase;
			buildActionMask = 2147483647;
			files = (
				4C8EA0C21A6C5F05001782BA /* Timber.framework in Frameworks */,
			);
			runOnlyForDeploymentPostprocessing = 0;
		};
/* End PBXFrameworksBuildPhase section */

/* Begin PBXGroup section */
		4C27769E1A6C55F4007B1133 = {
			isa = PBXGroup;
			children = (
				4C2776A91A6C55F4007B1133 /* Example */,
				4C2776A81A6C55F4007B1133 /* Products */,
				4C8EA0B91A6C5EF9001782BA /* Timber.xcodeproj */,
			);
			sourceTree = "<group>";
		};
		4C2776A81A6C55F4007B1133 /* Products */ = {
			isa = PBXGroup;
			children = (
				4C2776A71A6C55F4007B1133 /* Example.app */,
			);
			name = Products;
			sourceTree = "<group>";
		};
		4C2776A91A6C55F4007B1133 /* Example */ = {
			isa = PBXGroup;
			children = (
				4C2776AC1A6C55F4007B1133 /* AppDelegate.swift */,
				4C2776AE1A6C55F4007B1133 /* ViewController.swift */,
				4C2776B31A6C55F4007B1133 /* Images.xcassets */,
				4C2776B51A6C55F4007B1133 /* LaunchScreen.xib */,
				4C2776AA1A6C55F4007B1133 /* Supporting Files */,
			);
			path = Example;
			sourceTree = "<group>";
		};
		4C2776AA1A6C55F4007B1133 /* Supporting Files */ = {
			isa = PBXGroup;
			children = (
				4C2776AB1A6C55F4007B1133 /* Info.plist */,
			);
			name = "Supporting Files";
			sourceTree = "<group>";
		};
		4C8EA0BA1A6C5EF9001782BA /* Products */ = {
			isa = PBXGroup;
			children = (
				4C8EA0BF1A6C5EF9001782BA /* Timber.framework */,
				4C8EA0C11A6C5EF9001782BA /* TimberTests.xctest */,
			);
			name = Products;
			sourceTree = "<group>";
		};
/* End PBXGroup section */

/* Begin PBXNativeTarget section */
		4C2776A61A6C55F4007B1133 /* Example */ = {
			isa = PBXNativeTarget;
			buildConfigurationList = 4C2776C61A6C55F4007B1133 /* Build configuration list for PBXNativeTarget "Example" */;
			buildPhases = (
				4C2776A31A6C55F4007B1133 /* Sources */,
				4C2776A41A6C55F4007B1133 /* Frameworks */,
				4C2776A51A6C55F4007B1133 /* Resources */,
				4C8EA0C61A6C5F05001782BA /* Embed Frameworks */,
			);
			buildRules = (
			);
			dependencies = (
				4C8EA0C51A6C5F05001782BA /* PBXTargetDependency */,
			);
			name = Example;
			productName = Example;
			productReference = 4C2776A71A6C55F4007B1133 /* Example.app */;
			productType = "com.apple.product-type.application";
		};
/* End PBXNativeTarget section */

/* Begin PBXProject section */
		4C27769F1A6C55F4007B1133 /* Project object */ = {
			isa = PBXProject;
			attributes = {
				LastUpgradeCheck = 0610;
				ORGANIZATIONNAME = Nike;
				TargetAttributes = {
					4C2776A61A6C55F4007B1133 = {
						CreatedOnToolsVersion = 6.1.1;
					};
				};
			};
			buildConfigurationList = 4C2776A21A6C55F4007B1133 /* Build configuration list for PBXProject "Example" */;
			compatibilityVersion = "Xcode 3.2";
			developmentRegion = English;
			hasScannedForEncodings = 0;
			knownRegions = (
				en,
				Base,
			);
			mainGroup = 4C27769E1A6C55F4007B1133;
			productRefGroup = 4C2776A81A6C55F4007B1133 /* Products */;
			projectDirPath = "";
			projectReferences = (
				{
					ProductGroup = 4C8EA0BA1A6C5EF9001782BA /* Products */;
					ProjectRef = 4C8EA0B91A6C5EF9001782BA /* Timber.xcodeproj */;
				},
			);
			projectRoot = "";
			targets = (
				4C2776A61A6C55F4007B1133 /* Example */,
			);
		};
/* End PBXProject section */

/* Begin PBXReferenceProxy section */
		4C8EA0BF1A6C5EF9001782BA /* Timber.framework */ = {
			isa = PBXReferenceProxy;
			fileType = wrapper.framework;
			path = Timber.framework;
			remoteRef = 4C8EA0BE1A6C5EF9001782BA /* PBXContainerItemProxy */;
			sourceTree = BUILT_PRODUCTS_DIR;
		};
		4C8EA0C11A6C5EF9001782BA /* TimberTests.xctest */ = {
			isa = PBXReferenceProxy;
			fileType = wrapper.cfbundle;
			path = TimberTests.xctest;
			remoteRef = 4C8EA0C01A6C5EF9001782BA /* PBXContainerItemProxy */;
			sourceTree = BUILT_PRODUCTS_DIR;
		};
/* End PBXReferenceProxy section */

/* Begin PBXResourcesBuildPhase section */
		4C2776A51A6C55F4007B1133 /* Resources */ = {
			isa = PBXResourcesBuildPhase;
			buildActionMask = 2147483647;
			files = (
				4C2776B71A6C55F4007B1133 /* LaunchScreen.xib in Resources */,
				4C2776B41A6C55F4007B1133 /* Images.xcassets in Resources */,
			);
			runOnlyForDeploymentPostprocessing = 0;
		};
/* End PBXResourcesBuildPhase section */

/* Begin PBXSourcesBuildPhase section */
		4C2776A31A6C55F4007B1133 /* Sources */ = {
			isa = PBXSourcesBuildPhase;
			buildActionMask = 2147483647;
			files = (
				4C2776AF1A6C55F4007B1133 /* ViewController.swift in Sources */,
				4C2776AD1A6C55F4007B1133 /* AppDelegate.swift in Sources */,
			);
			runOnlyForDeploymentPostprocessing = 0;
		};
/* End PBXSourcesBuildPhase section */

/* Begin PBXTargetDependency section */
		4C8EA0C51A6C5F05001782BA /* PBXTargetDependency */ = {
			isa = PBXTargetDependency;
			name = Timber;
			targetProxy = 4C8EA0C41A6C5F05001782BA /* PBXContainerItemProxy */;
		};
/* End PBXTargetDependency section */

/* Begin PBXVariantGroup section */
		4C2776B51A6C55F4007B1133 /* LaunchScreen.xib */ = {
			isa = PBXVariantGroup;
			children = (
				4C2776B61A6C55F4007B1133 /* Base */,
			);
			name = LaunchScreen.xib;
			sourceTree = "<group>";
		};
/* End PBXVariantGroup section */

/* Begin XCBuildConfiguration section */
		4C2776C41A6C55F4007B1133 /* Debug */ = {
			isa = XCBuildConfiguration;
			buildSettings = {
				ALWAYS_SEARCH_USER_PATHS = NO;
				CLANG_CXX_LANGUAGE_STANDARD = "gnu++0x";
				CLANG_CXX_LIBRARY = "libc++";
				CLANG_ENABLE_MODULES = YES;
				CLANG_ENABLE_OBJC_ARC = YES;
				CLANG_WARN_BOOL_CONVERSION = YES;
				CLANG_WARN_CONSTANT_CONVERSION = YES;
				CLANG_WARN_DIRECT_OBJC_ISA_USAGE = YES_ERROR;
				CLANG_WARN_EMPTY_BODY = YES;
				CLANG_WARN_ENUM_CONVERSION = YES;
				CLANG_WARN_INT_CONVERSION = YES;
				CLANG_WARN_OBJC_ROOT_CLASS = YES_ERROR;
				CLANG_WARN_UNREACHABLE_CODE = YES;
				CLANG_WARN__DUPLICATE_METHOD_MATCH = YES;
				"CODE_SIGN_IDENTITY[sdk=iphoneos*]" = "iPhone Developer";
				COPY_PHASE_STRIP = NO;
				ENABLE_STRICT_OBJC_MSGSEND = YES;
				GCC_C_LANGUAGE_STANDARD = gnu99;
				GCC_DYNAMIC_NO_PIC = NO;
				GCC_OPTIMIZATION_LEVEL = 0;
				GCC_PREPROCESSOR_DEFINITIONS = (
					"DEBUG=1",
					"$(inherited)",
				);
				GCC_SYMBOLS_PRIVATE_EXTERN = NO;
				GCC_WARN_64_TO_32_BIT_CONVERSION = YES;
				GCC_WARN_ABOUT_RETURN_TYPE = YES_ERROR;
				GCC_WARN_UNDECLARED_SELECTOR = YES;
				GCC_WARN_UNINITIALIZED_AUTOS = YES_AGGRESSIVE;
				GCC_WARN_UNUSED_FUNCTION = YES;
				GCC_WARN_UNUSED_VARIABLE = YES;
				IPHONEOS_DEPLOYMENT_TARGET = 8.1;
				MTL_ENABLE_DEBUG_INFO = YES;
				ONLY_ACTIVE_ARCH = YES;
				SDKROOT = iphoneos;
				SWIFT_OPTIMIZATION_LEVEL = "-Onone";
				TARGETED_DEVICE_FAMILY = "1,2";
			};
			name = Debug;
		};
		4C2776C51A6C55F4007B1133 /* Release */ = {
			isa = XCBuildConfiguration;
			buildSettings = {
				ALWAYS_SEARCH_USER_PATHS = NO;
				CLANG_CXX_LANGUAGE_STANDARD = "gnu++0x";
				CLANG_CXX_LIBRARY = "libc++";
				CLANG_ENABLE_MODULES = YES;
				CLANG_ENABLE_OBJC_ARC = YES;
				CLANG_WARN_BOOL_CONVERSION = YES;
				CLANG_WARN_CONSTANT_CONVERSION = YES;
				CLANG_WARN_DIRECT_OBJC_ISA_USAGE = YES_ERROR;
				CLANG_WARN_EMPTY_BODY = YES;
				CLANG_WARN_ENUM_CONVERSION = YES;
				CLANG_WARN_INT_CONVERSION = YES;
				CLANG_WARN_OBJC_ROOT_CLASS = YES_ERROR;
				CLANG_WARN_UNREACHABLE_CODE = YES;
				CLANG_WARN__DUPLICATE_METHOD_MATCH = YES;
				"CODE_SIGN_IDENTITY[sdk=iphoneos*]" = "iPhone Developer";
				COPY_PHASE_STRIP = YES;
				ENABLE_NS_ASSERTIONS = NO;
				ENABLE_STRICT_OBJC_MSGSEND = YES;
				GCC_C_LANGUAGE_STANDARD = gnu99;
				GCC_WARN_64_TO_32_BIT_CONVERSION = YES;
				GCC_WARN_ABOUT_RETURN_TYPE = YES_ERROR;
				GCC_WARN_UNDECLARED_SELECTOR = YES;
				GCC_WARN_UNINITIALIZED_AUTOS = YES_AGGRESSIVE;
				GCC_WARN_UNUSED_FUNCTION = YES;
				GCC_WARN_UNUSED_VARIABLE = YES;
				IPHONEOS_DEPLOYMENT_TARGET = 8.1;
				MTL_ENABLE_DEBUG_INFO = NO;
				SDKROOT = iphoneos;
				TARGETED_DEVICE_FAMILY = "1,2";
				VALIDATE_PRODUCT = YES;
			};
			name = Release;
		};
		4C2776C71A6C55F4007B1133 /* Debug */ = {
			isa = XCBuildConfiguration;
			buildSettings = {
				ASSETCATALOG_COMPILER_APPICON_NAME = AppIcon;
				EMBEDDED_CONTENT_CONTAINS_SWIFT = YES;
				INFOPLIST_FILE = Example/Info.plist;
				LD_RUNPATH_SEARCH_PATHS = "$(inherited) @executable_path/Frameworks";
				PRODUCT_NAME = "$(TARGET_NAME)";
			};
			name = Debug;
		};
		4C2776C81A6C55F4007B1133 /* Release */ = {
			isa = XCBuildConfiguration;
			buildSettings = {
				ASSETCATALOG_COMPILER_APPICON_NAME = AppIcon;
				EMBEDDED_CONTENT_CONTAINS_SWIFT = YES;
				INFOPLIST_FILE = Example/Info.plist;
				LD_RUNPATH_SEARCH_PATHS = "$(inherited) @executable_path/Frameworks";
				PRODUCT_NAME = "$(TARGET_NAME)";
			};
			name = Release;
		};
/* End XCBuildConfiguration section */

/* Begin XCConfigurationList section */
		4C2776A21A6C55F4007B1133 /* Build configuration list for PBXProject "Example" */ = {
			isa = XCConfigurationList;
			buildConfigurations = (
				4C2776C41A6C55F4007B1133 /* Debug */,
				4C2776C51A6C55F4007B1133 /* Release */,
			);
			defaultConfigurationIsVisible = 0;
			defaultConfigurationName = Release;
		};
		4C2776C61A6C55F4007B1133 /* Build configuration list for PBXNativeTarget "Example" */ = {
			isa = XCConfigurationList;
			buildConfigurations = (
				4C2776C71A6C55F4007B1133 /* Debug */,
				4C2776C81A6C55F4007B1133 /* Release */,
			);
			defaultConfigurationIsVisible = 0;
			defaultConfigurationName = Release;
		};
/* End XCConfigurationList section */
	};
	rootObject = 4C27769F1A6C55F4007B1133 /* Project object */;
}
