// !$*UTF8*$!
{
	archiveVersion = 1;
	classes = {
	};
	objectVersion = 46;
	objects = {

/* Begin PBXBuildFile section */
		4C2606E01AB285B8006037DF /* Willow.framework in Frameworks */ = {isa = PBXBuildFile; fileRef = 4C2606DF1AB285B8006037DF /* Willow.framework */; };
		4C2606E11AB285B8006037DF /* Willow.framework in Embed Frameworks */ = {isa = PBXBuildFile; fileRef = 4C2606DF1AB285B8006037DF /* Willow.framework */; settings = {ATTRIBUTES = (CodeSignOnCopy, RemoveHeadersOnCopy, ); }; };
		4C8787AD1A6E3948008A313B /* AppDelegate.swift in Sources */ = {isa = PBXBuildFile; fileRef = 4C8787A71A6E3948008A313B /* AppDelegate.swift */; };
		4C8787AE1A6E3948008A313B /* LaunchScreen.xib in Resources */ = {isa = PBXBuildFile; fileRef = 4C8787A81A6E3948008A313B /* LaunchScreen.xib */; };
		4C8787AF1A6E3948008A313B /* Images.xcassets in Resources */ = {isa = PBXBuildFile; fileRef = 4C8787AA1A6E3948008A313B /* Images.xcassets */; };
		4C8787B11A6E3948008A313B /* ViewController.swift in Sources */ = {isa = PBXBuildFile; fileRef = 4C8787AC1A6E3948008A313B /* ViewController.swift */; };
/* End PBXBuildFile section */

/* Begin PBXCopyFilesBuildPhase section */
		4C2606E21AB285B8006037DF /* Embed Frameworks */ = {
			isa = PBXCopyFilesBuildPhase;
			buildActionMask = 2147483647;
			dstPath = "";
			dstSubfolderSpec = 10;
			files = (
				4C2606E11AB285B8006037DF /* Willow.framework in Embed Frameworks */,
			);
			name = "Embed Frameworks";
			runOnlyForDeploymentPostprocessing = 0;
		};
/* End PBXCopyFilesBuildPhase section */

/* Begin PBXFileReference section */
		4C2606DF1AB285B8006037DF /* Willow.framework */ = {isa = PBXFileReference; lastKnownFileType = wrapper.framework; name = Willow.framework; path = "../Debug-iphonesimulator/Willow.framework"; sourceTree = BUILT_PRODUCTS_DIR; };
		4C2776A71A6C55F4007B1133 /* iOS Example.app */ = {isa = PBXFileReference; explicitFileType = wrapper.application; includeInIndex = 0; path = "iOS Example.app"; sourceTree = BUILT_PRODUCTS_DIR; };
		4C8787A71A6E3948008A313B /* AppDelegate.swift */ = {isa = PBXFileReference; fileEncoding = 4; lastKnownFileType = sourcecode.swift; path = AppDelegate.swift; sourceTree = "<group>"; };
		4C8787A91A6E3948008A313B /* Base */ = {isa = PBXFileReference; lastKnownFileType = file.xib; name = Base; path = Base.lproj/LaunchScreen.xib; sourceTree = "<group>"; };
		4C8787AA1A6E3948008A313B /* Images.xcassets */ = {isa = PBXFileReference; lastKnownFileType = folder.assetcatalog; path = Images.xcassets; sourceTree = "<group>"; };
		4C8787AB1A6E3948008A313B /* Info.plist */ = {isa = PBXFileReference; fileEncoding = 4; lastKnownFileType = text.plist.xml; path = Info.plist; sourceTree = "<group>"; };
		4C8787AC1A6E3948008A313B /* ViewController.swift */ = {isa = PBXFileReference; fileEncoding = 4; lastKnownFileType = sourcecode.swift; path = ViewController.swift; sourceTree = "<group>"; };
/* End PBXFileReference section */

/* Begin PBXFrameworksBuildPhase section */
		4C2776A41A6C55F4007B1133 /* Frameworks */ = {
			isa = PBXFrameworksBuildPhase;
			buildActionMask = 2147483647;
			files = (
				4C2606E01AB285B8006037DF /* Willow.framework in Frameworks */,
			);
			runOnlyForDeploymentPostprocessing = 0;
		};
/* End PBXFrameworksBuildPhase section */

/* Begin PBXGroup section */
		4C0182271AB286680020D3C4 /* Frameworks */ = {
			isa = PBXGroup;
			children = (
				4C2606DF1AB285B8006037DF /* Willow.framework */,
			);
			name = Frameworks;
			sourceTree = "<group>";
		};
		4C27769E1A6C55F4007B1133 = {
			isa = PBXGroup;
			children = (
				4C8787A61A6E3948008A313B /* Source */,
				4C0182271AB286680020D3C4 /* Frameworks */,
				4C2776A81A6C55F4007B1133 /* Products */,
			);
			sourceTree = "<group>";
		};
		4C2776A81A6C55F4007B1133 /* Products */ = {
			isa = PBXGroup;
			children = (
				4C2776A71A6C55F4007B1133 /* iOS Example.app */,
			);
			name = Products;
			sourceTree = "<group>";
		};
		4C8787A61A6E3948008A313B /* Source */ = {
			isa = PBXGroup;
			children = (
				4C8787A71A6E3948008A313B /* AppDelegate.swift */,
				4C8787AC1A6E3948008A313B /* ViewController.swift */,
				4C8787B21A6E3956008A313B /* Supporting Files */,
			);
			name = Source;
			path = "iOS Example";
			sourceTree = "<group>";
		};
		4C8787B21A6E3956008A313B /* Supporting Files */ = {
			isa = PBXGroup;
			children = (
				4C8787A81A6E3948008A313B /* LaunchScreen.xib */,
				4C8787AA1A6E3948008A313B /* Images.xcassets */,
				4C8787AB1A6E3948008A313B /* Info.plist */,
			);
			name = "Supporting Files";
			sourceTree = "<group>";
		};
/* End PBXGroup section */

/* Begin PBXNativeTarget section */
		4C2776A61A6C55F4007B1133 /* iOS Example */ = {
			isa = PBXNativeTarget;
			buildConfigurationList = 4C2776C61A6C55F4007B1133 /* Build configuration list for PBXNativeTarget "iOS Example" */;
			buildPhases = (
				4C2776A31A6C55F4007B1133 /* Sources */,
				4C2776A41A6C55F4007B1133 /* Frameworks */,
				4C2776A51A6C55F4007B1133 /* Resources */,
				4C2606E21AB285B8006037DF /* Embed Frameworks */,
			);
			buildRules = (
			);
			dependencies = (
			);
			name = "iOS Example";
			productName = Example;
			productReference = 4C2776A71A6C55F4007B1133 /* iOS Example.app */;
			productType = "com.apple.product-type.application";
		};
/* End PBXNativeTarget section */

/* Begin PBXProject section */
		4C27769F1A6C55F4007B1133 /* Project object */ = {
			isa = PBXProject;
			attributes = {
				LastUpgradeCheck = 0610;
				ORGANIZATIONNAME = Nike;
				TargetAttributes = {
					4C2776A61A6C55F4007B1133 = {
						CreatedOnToolsVersion = 6.1.1;
					};
				};
			};
			buildConfigurationList = 4C2776A21A6C55F4007B1133 /* Build configuration list for PBXProject "iOS Example" */;
			compatibilityVersion = "Xcode 3.2";
			developmentRegion = English;
			hasScannedForEncodings = 0;
			knownRegions = (
				en,
				Base,
			);
			mainGroup = 4C27769E1A6C55F4007B1133;
			productRefGroup = 4C2776A81A6C55F4007B1133 /* Products */;
			projectDirPath = "";
			projectRoot = "";
			targets = (
				4C2776A61A6C55F4007B1133 /* iOS Example */,
			);
		};
/* End PBXProject section */

/* Begin PBXResourcesBuildPhase section */
		4C2776A51A6C55F4007B1133 /* Resources */ = {
			isa = PBXResourcesBuildPhase;
			buildActionMask = 2147483647;
			files = (
				4C8787AF1A6E3948008A313B /* Images.xcassets in Resources */,
				4C8787AE1A6E3948008A313B /* LaunchScreen.xib in Resources */,
			);
			runOnlyForDeploymentPostprocessing = 0;
		};
/* End PBXResourcesBuildPhase section */

/* Begin PBXSourcesBuildPhase section */
		4C2776A31A6C55F4007B1133 /* Sources */ = {
			isa = PBXSourcesBuildPhase;
			buildActionMask = 2147483647;
			files = (
				4C8787AD1A6E3948008A313B /* AppDelegate.swift in Sources */,
				4C8787B11A6E3948008A313B /* ViewController.swift in Sources */,
			);
			runOnlyForDeploymentPostprocessing = 0;
		};
/* End PBXSourcesBuildPhase section */

/* Begin PBXVariantGroup section */
		4C8787A81A6E3948008A313B /* LaunchScreen.xib */ = {
			isa = PBXVariantGroup;
			children = (
				4C8787A91A6E3948008A313B /* Base */,
			);
			name = LaunchScreen.xib;
			sourceTree = "<group>";
		};
/* End PBXVariantGroup section */

/* Begin XCBuildConfiguration section */
		4C2776C41A6C55F4007B1133 /* Debug */ = {
			isa = XCBuildConfiguration;
			buildSettings = {
				ALWAYS_SEARCH_USER_PATHS = NO;
				CLANG_CXX_LANGUAGE_STANDARD = "gnu++0x";
				CLANG_CXX_LIBRARY = "libc++";
				CLANG_ENABLE_MODULES = YES;
				CLANG_ENABLE_OBJC_ARC = YES;
				CLANG_WARN_BOOL_CONVERSION = YES;
				CLANG_WARN_CONSTANT_CONVERSION = YES;
				CLANG_WARN_DIRECT_OBJC_ISA_USAGE = YES_ERROR;
				CLANG_WARN_EMPTY_BODY = YES;
				CLANG_WARN_ENUM_CONVERSION = YES;
				CLANG_WARN_INT_CONVERSION = YES;
				CLANG_WARN_OBJC_ROOT_CLASS = YES_ERROR;
				CLANG_WARN_UNREACHABLE_CODE = YES;
				CLANG_WARN__DUPLICATE_METHOD_MATCH = YES;
				"CODE_SIGN_IDENTITY[sdk=iphoneos*]" = "iPhone Developer";
				COPY_PHASE_STRIP = NO;
				ENABLE_STRICT_OBJC_MSGSEND = YES;
				GCC_C_LANGUAGE_STANDARD = gnu99;
				GCC_DYNAMIC_NO_PIC = NO;
				GCC_OPTIMIZATION_LEVEL = 0;
				GCC_PREPROCESSOR_DEFINITIONS = (
					"DEBUG=1",
					"$(inherited)",
				);
				GCC_SYMBOLS_PRIVATE_EXTERN = NO;
				GCC_WARN_64_TO_32_BIT_CONVERSION = YES;
				GCC_WARN_ABOUT_RETURN_TYPE = YES_ERROR;
				GCC_WARN_UNDECLARED_SELECTOR = YES;
				GCC_WARN_UNINITIALIZED_AUTOS = YES_AGGRESSIVE;
				GCC_WARN_UNUSED_FUNCTION = YES;
				GCC_WARN_UNUSED_VARIABLE = YES;
				IPHONEOS_DEPLOYMENT_TARGET = 8.0;
				MTL_ENABLE_DEBUG_INFO = YES;
				ONLY_ACTIVE_ARCH = YES;
				PRODUCT_NAME = "";
				SDKROOT = iphoneos;
				SWIFT_OPTIMIZATION_LEVEL = "-Onone";
				TARGETED_DEVICE_FAMILY = "1,2";
			};
			name = Debug;
		};
		4C2776C51A6C55F4007B1133 /* Release */ = {
			isa = XCBuildConfiguration;
			buildSettings = {
				ALWAYS_SEARCH_USER_PATHS = NO;
				CLANG_CXX_LANGUAGE_STANDARD = "gnu++0x";
				CLANG_CXX_LIBRARY = "libc++";
				CLANG_ENABLE_MODULES = YES;
				CLANG_ENABLE_OBJC_ARC = YES;
				CLANG_WARN_BOOL_CONVERSION = YES;
				CLANG_WARN_CONSTANT_CONVERSION = YES;
				CLANG_WARN_DIRECT_OBJC_ISA_USAGE = YES_ERROR;
				CLANG_WARN_EMPTY_BODY = YES;
				CLANG_WARN_ENUM_CONVERSION = YES;
				CLANG_WARN_INT_CONVERSION = YES;
				CLANG_WARN_OBJC_ROOT_CLASS = YES_ERROR;
				CLANG_WARN_UNREACHABLE_CODE = YES;
				CLANG_WARN__DUPLICATE_METHOD_MATCH = YES;
				"CODE_SIGN_IDENTITY[sdk=iphoneos*]" = "iPhone Developer";
				COPY_PHASE_STRIP = YES;
				ENABLE_NS_ASSERTIONS = NO;
				ENABLE_STRICT_OBJC_MSGSEND = YES;
				GCC_C_LANGUAGE_STANDARD = gnu99;
				GCC_WARN_64_TO_32_BIT_CONVERSION = YES;
				GCC_WARN_ABOUT_RETURN_TYPE = YES_ERROR;
				GCC_WARN_UNDECLARED_SELECTOR = YES;
				GCC_WARN_UNINITIALIZED_AUTOS = YES_AGGRESSIVE;
				GCC_WARN_UNUSED_FUNCTION = YES;
				GCC_WARN_UNUSED_VARIABLE = YES;
				IPHONEOS_DEPLOYMENT_TARGET = 8.0;
				MTL_ENABLE_DEBUG_INFO = NO;
				PRODUCT_NAME = "";
				SDKROOT = iphoneos;
				TARGETED_DEVICE_FAMILY = "1,2";
				VALIDATE_PRODUCT = YES;
			};
			name = Release;
		};
		4C2776C71A6C55F4007B1133 /* Debug */ = {
			isa = XCBuildConfiguration;
			buildSettings = {
				ASSETCATALOG_COMPILER_APPICON_NAME = AppIcon;
				CODE_SIGN_IDENTITY = "iPhone Developer";
				FRAMEWORK_SEARCH_PATHS = "$(inherited)";
				INFOPLIST_FILE = "iOS Example/Info.plist";
				LD_RUNPATH_SEARCH_PATHS = "$(inherited) @executable_path/Frameworks";
				PRODUCT_NAME = "iOS Example";
			};
			name = Debug;
		};
		4C2776C81A6C55F4007B1133 /* Release */ = {
			isa = XCBuildConfiguration;
			buildSettings = {
				ASSETCATALOG_COMPILER_APPICON_NAME = AppIcon;
				CODE_SIGN_IDENTITY = "iPhone Developer";
				FRAMEWORK_SEARCH_PATHS = "$(inherited)";
				INFOPLIST_FILE = "iOS Example/Info.plist";
				LD_RUNPATH_SEARCH_PATHS = "$(inherited) @executable_path/Frameworks";
				PRODUCT_NAME = "iOS Example";
			};
			name = Release;
		};
/* End XCBuildConfiguration section */

/* Begin XCConfigurationList section */
		4C2776A21A6C55F4007B1133 /* Build configuration list for PBXProject "iOS Example" */ = {
			isa = XCConfigurationList;
			buildConfigurations = (
				4C2776C41A6C55F4007B1133 /* Debug */,
				4C2776C51A6C55F4007B1133 /* Release */,
			);
			defaultConfigurationIsVisible = 0;
			defaultConfigurationName = Release;
		};
		4C2776C61A6C55F4007B1133 /* Build configuration list for PBXNativeTarget "iOS Example" */ = {
			isa = XCConfigurationList;
			buildConfigurations = (
				4C2776C71A6C55F4007B1133 /* Debug */,
				4C2776C81A6C55F4007B1133 /* Release */,
			);
			defaultConfigurationIsVisible = 0;
			defaultConfigurationName = Release;
		};
/* End XCConfigurationList section */
	};
	rootObject = 4C27769F1A6C55F4007B1133 /* Project object */;
}
