// !$*UTF8*$!
{
	archiveVersion = 1;
	classes = {
	};
	objectVersion = 48;
	objects = {

/* Begin PBXBuildFile section */
		4C2B3A3C1CDEC0D6004F1A18 /* WillowConfiguration.swift in Sources */ = {isa = PBXBuildFile; fileRef = 4C2B3A3B1CDEC0D6004F1A18 /* WillowConfiguration.swift */; };
		4C8787AD1A6E3948008A313B /* AppDelegate.swift in Sources */ = {isa = PBXBuildFile; fileRef = 4C8787A71A6E3948008A313B /* AppDelegate.swift */; };
		4C8787AE1A6E3948008A313B /* LaunchScreen.xib in Resources */ = {isa = PBXBuildFile; fileRef = 4C8787A81A6E3948008A313B /* LaunchScreen.xib */; };
		4C8787AF1A6E3948008A313B /* Images.xcassets in Resources */ = {isa = PBXBuildFile; fileRef = 4C8787AA1A6E3948008A313B /* Images.xcassets */; };
		4C8787B11A6E3948008A313B /* ViewController.swift in Sources */ = {isa = PBXBuildFile; fileRef = 4C8787AC1A6E3948008A313B /* ViewController.swift */; };
		4CD142411F5731DF002D6006 /* Database.framework in Frameworks */ = {isa = PBXBuildFile; fileRef = 4C2B3A211CDEB6F9004F1A18 /* Database.framework */; };
		4CD142421F5731DF002D6006 /* Database.framework in Embed Frameworks */ = {isa = PBXBuildFile; fileRef = 4C2B3A211CDEB6F9004F1A18 /* Database.framework */; settings = {ATTRIBUTES = (CodeSignOnCopy, RemoveHeadersOnCopy, ); }; };
		4CD142451F5731DF002D6006 /* WebServices.framework in Frameworks */ = {isa = PBXBuildFile; fileRef = 5534CA531F3CFF51002E82F9 /* WebServices.framework */; };
		4CD142461F5731DF002D6006 /* WebServices.framework in Embed Frameworks */ = {isa = PBXBuildFile; fileRef = 5534CA531F3CFF51002E82F9 /* WebServices.framework */; settings = {ATTRIBUTES = (CodeSignOnCopy, RemoveHeadersOnCopy, ); }; };
		4CD1425F1F573D0C002D6006 /* Willow.framework in Frameworks */ = {isa = PBXBuildFile; fileRef = 4CD1425E1F573CF9002D6006 /* Willow.framework */; };
		4CD142611F573D18002D6006 /* Willow.framework in Embed Frameworks */ = {isa = PBXBuildFile; fileRef = 4CD1425E1F573CF9002D6006 /* Willow.framework */; settings = {ATTRIBUTES = (CodeSignOnCopy, RemoveHeadersOnCopy, ); }; };
/* End PBXBuildFile section */

/* Begin PBXContainerItemProxy section */
		4C2B3A201CDEB6F9004F1A18 /* PBXContainerItemProxy */ = {
			isa = PBXContainerItemProxy;
			containerPortal = 4C2B3A171CDEB6F9004F1A18 /* Database.xcodeproj */;
			proxyType = 2;
			remoteGlobalIDString = 4C2DC4191CDEB4F4009CA3C5;
			remoteInfo = Database;
		};
		4CD142431F5731DF002D6006 /* PBXContainerItemProxy */ = {
			isa = PBXContainerItemProxy;
			containerPortal = 4C2B3A171CDEB6F9004F1A18 /* Database.xcodeproj */;
			proxyType = 1;
			remoteGlobalIDString = 4C2DC4181CDEB4F4009CA3C5;
			remoteInfo = Database;
		};
		4CD142471F5731DF002D6006 /* PBXContainerItemProxy */ = {
			isa = PBXContainerItemProxy;
			containerPortal = 4C2B3A1B1CDEB6F9004F1A18 /* WebServices.xcodeproj */;
			proxyType = 1;
			remoteGlobalIDString = 4C2DC3E31CDEB279009CA3C5;
			remoteInfo = WebServices;
		};
		5534CA521F3CFF51002E82F9 /* PBXContainerItemProxy */ = {
			isa = PBXContainerItemProxy;
			containerPortal = 4C2B3A1B1CDEB6F9004F1A18 /* WebServices.xcodeproj */;
			proxyType = 2;
			remoteGlobalIDString = 4C2DC3E41CDEB279009CA3C5;
			remoteInfo = WebServices;
		};
		5534CA581F3CFF66002E82F9 /* PBXContainerItemProxy */ = {
			isa = PBXContainerItemProxy;
			containerPortal = 4C2B3A1B1CDEB6F9004F1A18 /* WebServices.xcodeproj */;
			proxyType = 1;
			remoteGlobalIDString = 4C2DC3E31CDEB279009CA3C5;
			remoteInfo = WebServices;
		};
/* End PBXContainerItemProxy section */

/* Begin PBXCopyFilesBuildPhase section */
		4CD142491F5731E0002D6006 /* Embed Frameworks */ = {
			isa = PBXCopyFilesBuildPhase;
			buildActionMask = 2147483647;
			dstPath = "";
			dstSubfolderSpec = 10;
			files = (
				4CD142611F573D18002D6006 /* Willow.framework in Embed Frameworks */,
				4CD142421F5731DF002D6006 /* Database.framework in Embed Frameworks */,
				4CD142461F5731DF002D6006 /* WebServices.framework in Embed Frameworks */,
			);
			name = "Embed Frameworks";
			runOnlyForDeploymentPostprocessing = 0;
		};
/* End PBXCopyFilesBuildPhase section */

/* Begin PBXFileReference section */
		4C2776A71A6C55F4007B1133 /* iOS Example.app */ = {isa = PBXFileReference; explicitFileType = wrapper.application; includeInIndex = 0; path = "iOS Example.app"; sourceTree = BUILT_PRODUCTS_DIR; };
		4C2B3A171CDEB6F9004F1A18 /* Database.xcodeproj */ = {isa = PBXFileReference; lastKnownFileType = "wrapper.pb-project"; name = Database.xcodeproj; path = Frameworks/Database.xcodeproj; sourceTree = "<group>"; };
		4C2B3A1B1CDEB6F9004F1A18 /* WebServices.xcodeproj */ = {isa = PBXFileReference; lastKnownFileType = "wrapper.pb-project"; name = WebServices.xcodeproj; path = Frameworks/WebServices.xcodeproj; sourceTree = "<group>"; };
		4C2B3A3B1CDEC0D6004F1A18 /* WillowConfiguration.swift */ = {isa = PBXFileReference; fileEncoding = 4; lastKnownFileType = sourcecode.swift; path = WillowConfiguration.swift; sourceTree = "<group>"; };
		4C8787A71A6E3948008A313B /* AppDelegate.swift */ = {isa = PBXFileReference; fileEncoding = 4; lastKnownFileType = sourcecode.swift; path = AppDelegate.swift; sourceTree = "<group>"; };
		4C8787A91A6E3948008A313B /* Base */ = {isa = PBXFileReference; lastKnownFileType = file.xib; name = Base; path = Base.lproj/LaunchScreen.xib; sourceTree = "<group>"; };
		4C8787AA1A6E3948008A313B /* Images.xcassets */ = {isa = PBXFileReference; lastKnownFileType = folder.assetcatalog; path = Images.xcassets; sourceTree = "<group>"; };
		4C8787AB1A6E3948008A313B /* Info.plist */ = {isa = PBXFileReference; fileEncoding = 4; lastKnownFileType = text.plist.xml; path = Info.plist; sourceTree = "<group>"; };
		4C8787AC1A6E3948008A313B /* ViewController.swift */ = {isa = PBXFileReference; fileEncoding = 4; lastKnownFileType = sourcecode.swift; path = ViewController.swift; sourceTree = "<group>"; };
		4CD1425E1F573CF9002D6006 /* Willow.framework */ = {isa = PBXFileReference; lastKnownFileType = wrapper.framework; path = Willow.framework; sourceTree = BUILT_PRODUCTS_DIR; };
/* End PBXFileReference section */

/* Begin PBXFrameworksBuildPhase section */
		4C2776A41A6C55F4007B1133 /* Frameworks */ = {
			isa = PBXFrameworksBuildPhase;
			buildActionMask = 2147483647;
			files = (
				4CD142411F5731DF002D6006 /* Database.framework in Frameworks */,
				4CD142451F5731DF002D6006 /* WebServices.framework in Frameworks */,
				4CD1425F1F573D0C002D6006 /* Willow.framework in Frameworks */,
			);
			runOnlyForDeploymentPostprocessing = 0;
		};
/* End PBXFrameworksBuildPhase section */

/* Begin PBXGroup section */
		4C27769E1A6C55F4007B1133 = {
			isa = PBXGroup;
			children = (
				4C8787A61A6E3948008A313B /* Source */,
				4CD1424D1F573C6B002D6006 /* Frameworks */,
				4C2776A81A6C55F4007B1133 /* Products */,
				4C2B3A171CDEB6F9004F1A18 /* Database.xcodeproj */,
				4C2B3A1B1CDEB6F9004F1A18 /* WebServices.xcodeproj */,
			);
			sourceTree = "<group>";
		};
		4C2776A81A6C55F4007B1133 /* Products */ = {
			isa = PBXGroup;
			children = (
				4C2776A71A6C55F4007B1133 /* iOS Example.app */,
			);
			name = Products;
			sourceTree = "<group>";
		};
		4C2B3A181CDEB6F9004F1A18 /* Products */ = {
			isa = PBXGroup;
			children = (
				4C2B3A211CDEB6F9004F1A18 /* Database.framework */,
			);
			name = Products;
			sourceTree = "<group>";
		};
		4C8787A61A6E3948008A313B /* Source */ = {
			isa = PBXGroup;
			children = (
				4C8787A71A6E3948008A313B /* AppDelegate.swift */,
				4C8787AC1A6E3948008A313B /* ViewController.swift */,
				4C2B3A3B1CDEC0D6004F1A18 /* WillowConfiguration.swift */,
				4C8787B21A6E3956008A313B /* Supporting Files */,
			);
			name = Source;
			path = "iOS Example";
			sourceTree = "<group>";
		};
		4C8787B21A6E3956008A313B /* Supporting Files */ = {
			isa = PBXGroup;
			children = (
				4C8787AA1A6E3948008A313B /* Images.xcassets */,
				4C8787AB1A6E3948008A313B /* Info.plist */,
				4C8787A81A6E3948008A313B /* LaunchScreen.xib */,
			);
			name = "Supporting Files";
			sourceTree = "<group>";
		};
		4CD1424D1F573C6B002D6006 /* Frameworks */ = {
			isa = PBXGroup;
			children = (
				4CD1425E1F573CF9002D6006 /* Willow.framework */,
			);
			name = Frameworks;
			sourceTree = "<group>";
		};
		5534CA4F1F3CFF50002E82F9 /* Products */ = {
			isa = PBXGroup;
			children = (
				5534CA531F3CFF51002E82F9 /* WebServices.framework */,
			);
			name = Products;
			sourceTree = "<group>";
		};
/* End PBXGroup section */

/* Begin PBXNativeTarget section */
		4C2776A61A6C55F4007B1133 /* iOS Example */ = {
			isa = PBXNativeTarget;
			buildConfigurationList = 4C2776C61A6C55F4007B1133 /* Build configuration list for PBXNativeTarget "iOS Example" */;
			buildPhases = (
				4C2776A31A6C55F4007B1133 /* Sources */,
				4C2776A41A6C55F4007B1133 /* Frameworks */,
				4C2776A51A6C55F4007B1133 /* Resources */,
				4CD142491F5731E0002D6006 /* Embed Frameworks */,
			);
			buildRules = (
			);
			dependencies = (
				5534CA591F3CFF66002E82F9 /* PBXTargetDependency */,
				4CD142441F5731DF002D6006 /* PBXTargetDependency */,
				4CD142481F5731DF002D6006 /* PBXTargetDependency */,
			);
			name = "iOS Example";
			productName = Example;
			productReference = 4C2776A71A6C55F4007B1133 /* iOS Example.app */;
			productType = "com.apple.product-type.application";
		};
/* End PBXNativeTarget section */

/* Begin PBXProject section */
		4C27769F1A6C55F4007B1133 /* Project object */ = {
			isa = PBXProject;
			attributes = {
				LastSwiftUpdateCheck = 0700;
				LastUpgradeCheck = 1020;
				ORGANIZATIONNAME = Nike;
				TargetAttributes = {
					4C2776A61A6C55F4007B1133 = {
						CreatedOnToolsVersion = 6.1.1;
						LastSwiftMigration = 1000;
						ProvisioningStyle = Automatic;
					};
				};
			};
			buildConfigurationList = 4C2776A21A6C55F4007B1133 /* Build configuration list for PBXProject "iOS Example" */;
			compatibilityVersion = "Xcode 8.0";
			developmentRegion = en;
			hasScannedForEncodings = 0;
			knownRegions = (
				en,
				Base,
			);
			mainGroup = 4C27769E1A6C55F4007B1133;
			productRefGroup = 4C2776A81A6C55F4007B1133 /* Products */;
			projectDirPath = "";
			projectReferences = (
				{
					ProductGroup = 4C2B3A181CDEB6F9004F1A18 /* Products */;
					ProjectRef = 4C2B3A171CDEB6F9004F1A18 /* Database.xcodeproj */;
				},
				{
					ProductGroup = 5534CA4F1F3CFF50002E82F9 /* Products */;
					ProjectRef = 4C2B3A1B1CDEB6F9004F1A18 /* WebServices.xcodeproj */;
				},
			);
			projectRoot = "";
			targets = (
				4C2776A61A6C55F4007B1133 /* iOS Example */,
			);
		};
/* End PBXProject section */

/* Begin PBXReferenceProxy section */
		4C2B3A211CDEB6F9004F1A18 /* Database.framework */ = {
			isa = PBXReferenceProxy;
			fileType = wrapper.framework;
			path = Database.framework;
			remoteRef = 4C2B3A201CDEB6F9004F1A18 /* PBXContainerItemProxy */;
			sourceTree = BUILT_PRODUCTS_DIR;
		};
		5534CA531F3CFF51002E82F9 /* WebServices.framework */ = {
			isa = PBXReferenceProxy;
			fileType = wrapper.framework;
			path = WebServices.framework;
			remoteRef = 5534CA521F3CFF51002E82F9 /* PBXContainerItemProxy */;
			sourceTree = BUILT_PRODUCTS_DIR;
		};
/* End PBXReferenceProxy section */

/* Begin PBXResourcesBuildPhase section */
		4C2776A51A6C55F4007B1133 /* Resources */ = {
			isa = PBXResourcesBuildPhase;
			buildActionMask = 2147483647;
			files = (
				4C8787AF1A6E3948008A313B /* Images.xcassets in Resources */,
				4C8787AE1A6E3948008A313B /* LaunchScreen.xib in Resources */,
			);
			runOnlyForDeploymentPostprocessing = 0;
		};
/* End PBXResourcesBuildPhase section */

/* Begin PBXSourcesBuildPhase section */
		4C2776A31A6C55F4007B1133 /* Sources */ = {
			isa = PBXSourcesBuildPhase;
			buildActionMask = 2147483647;
			files = (
				4C8787AD1A6E3948008A313B /* AppDelegate.swift in Sources */,
				4C2B3A3C1CDEC0D6004F1A18 /* WillowConfiguration.swift in Sources */,
				4C8787B11A6E3948008A313B /* ViewController.swift in Sources */,
			);
			runOnlyForDeploymentPostprocessing = 0;
		};
/* End PBXSourcesBuildPhase section */

/* Begin PBXTargetDependency section */
		4CD142441F5731DF002D6006 /* PBXTargetDependency */ = {
			isa = PBXTargetDependency;
			name = Database;
			targetProxy = 4CD142431F5731DF002D6006 /* PBXContainerItemProxy */;
		};
		4CD142481F5731DF002D6006 /* PBXTargetDependency */ = {
			isa = PBXTargetDependency;
			name = WebServices;
			targetProxy = 4CD142471F5731DF002D6006 /* PBXContainerItemProxy */;
		};
		5534CA591F3CFF66002E82F9 /* PBXTargetDependency */ = {
			isa = PBXTargetDependency;
			name = WebServices;
			targetProxy = 5534CA581F3CFF66002E82F9 /* PBXContainerItemProxy */;
		};
/* End PBXTargetDependency section */

/* Begin PBXVariantGroup section */
		4C8787A81A6E3948008A313B /* LaunchScreen.xib */ = {
			isa = PBXVariantGroup;
			children = (
				4C8787A91A6E3948008A313B /* Base */,
			);
			name = LaunchScreen.xib;
			sourceTree = "<group>";
		};
/* End PBXVariantGroup section */

/* Begin XCBuildConfiguration section */
		4C2776C41A6C55F4007B1133 /* Debug */ = {
			isa = XCBuildConfiguration;
			buildSettings = {
				ALWAYS_SEARCH_USER_PATHS = NO;
				CLANG_ANALYZER_LOCALIZABILITY_NONLOCALIZED = YES;
				CLANG_CXX_LANGUAGE_STANDARD = "gnu++0x";
				CLANG_CXX_LIBRARY = "libc++";
				CLANG_ENABLE_MODULES = YES;
				CLANG_ENABLE_OBJC_ARC = YES;
				CLANG_WARN_BLOCK_CAPTURE_AUTORELEASING = YES;
				CLANG_WARN_BOOL_CONVERSION = YES;
				CLANG_WARN_COMMA = YES;
				CLANG_WARN_CONSTANT_CONVERSION = YES;
				CLANG_WARN_DEPRECATED_OBJC_IMPLEMENTATIONS = YES;
				CLANG_WARN_DIRECT_OBJC_ISA_USAGE = YES_ERROR;
				CLANG_WARN_EMPTY_BODY = YES;
				CLANG_WARN_ENUM_CONVERSION = YES;
				CLANG_WARN_INFINITE_RECURSION = YES;
				CLANG_WARN_INT_CONVERSION = YES;
				CLANG_WARN_NON_LITERAL_NULL_CONVERSION = YES;
				CLANG_WARN_OBJC_IMPLICIT_RETAIN_SELF = YES;
				CLANG_WARN_OBJC_LITERAL_CONVERSION = YES;
				CLANG_WARN_OBJC_ROOT_CLASS = YES_ERROR;
				CLANG_WARN_RANGE_LOOP_ANALYSIS = YES;
				CLANG_WARN_STRICT_PROTOTYPES = YES;
				CLANG_WARN_SUSPICIOUS_MOVE = YES;
				CLANG_WARN_UNREACHABLE_CODE = YES;
				CLANG_WARN__DUPLICATE_METHOD_MATCH = YES;
				CODE_SIGN_IDENTITY = "iPhone Developer";
				COPY_PHASE_STRIP = NO;
				ENABLE_STRICT_OBJC_MSGSEND = YES;
				ENABLE_TESTABILITY = YES;
				GCC_C_LANGUAGE_STANDARD = gnu99;
				GCC_DYNAMIC_NO_PIC = NO;
				GCC_NO_COMMON_BLOCKS = YES;
				GCC_OPTIMIZATION_LEVEL = 0;
				GCC_PREPROCESSOR_DEFINITIONS = (
					"DEBUG=1",
					"$(inherited)",
				);
				GCC_SYMBOLS_PRIVATE_EXTERN = NO;
				GCC_WARN_64_TO_32_BIT_CONVERSION = YES;
				GCC_WARN_ABOUT_RETURN_TYPE = YES_ERROR;
				GCC_WARN_UNDECLARED_SELECTOR = YES;
				GCC_WARN_UNINITIALIZED_AUTOS = YES_AGGRESSIVE;
				GCC_WARN_UNUSED_FUNCTION = YES;
				GCC_WARN_UNUSED_VARIABLE = YES;
				IPHONEOS_DEPLOYMENT_TARGET = 9.0;
				MACOSX_DEPLOYMENT_TARGET = 10.11;
				MTL_ENABLE_DEBUG_INFO = YES;
				ONLY_ACTIVE_ARCH = YES;
				PRODUCT_NAME = "";
				SDKROOT = iphoneos;
				SWIFT_OPTIMIZATION_LEVEL = "-Onone";
				SWIFT_VERSION = 4.2;
				TARGETED_DEVICE_FAMILY = "1,2";
				TVOS_DEPLOYMENT_TARGET = 9.0;
				WATCHOS_DEPLOYMENT_TARGET = 2.0;
			};
			name = Debug;
		};
		4C2776C51A6C55F4007B1133 /* Release */ = {
			isa = XCBuildConfiguration;
			buildSettings = {
				ALWAYS_SEARCH_USER_PATHS = NO;
				CLANG_ANALYZER_LOCALIZABILITY_NONLOCALIZED = YES;
				CLANG_CXX_LANGUAGE_STANDARD = "gnu++0x";
				CLANG_CXX_LIBRARY = "libc++";
				CLANG_ENABLE_MODULES = YES;
				CLANG_ENABLE_OBJC_ARC = YES;
				CLANG_WARN_BLOCK_CAPTURE_AUTORELEASING = YES;
				CLANG_WARN_BOOL_CONVERSION = YES;
				CLANG_WARN_COMMA = YES;
				CLANG_WARN_CONSTANT_CONVERSION = YES;
				CLANG_WARN_DEPRECATED_OBJC_IMPLEMENTATIONS = YES;
				CLANG_WARN_DIRECT_OBJC_ISA_USAGE = YES_ERROR;
				CLANG_WARN_EMPTY_BODY = YES;
				CLANG_WARN_ENUM_CONVERSION = YES;
				CLANG_WARN_INFINITE_RECURSION = YES;
				CLANG_WARN_INT_CONVERSION = YES;
				CLANG_WARN_NON_LITERAL_NULL_CONVERSION = YES;
				CLANG_WARN_OBJC_IMPLICIT_RETAIN_SELF = YES;
				CLANG_WARN_OBJC_LITERAL_CONVERSION = YES;
				CLANG_WARN_OBJC_ROOT_CLASS = YES_ERROR;
				CLANG_WARN_RANGE_LOOP_ANALYSIS = YES;
				CLANG_WARN_STRICT_PROTOTYPES = YES;
				CLANG_WARN_SUSPICIOUS_MOVE = YES;
				CLANG_WARN_UNREACHABLE_CODE = YES;
				CLANG_WARN__DUPLICATE_METHOD_MATCH = YES;
				CODE_SIGN_IDENTITY = "iPhone Developer";
				COPY_PHASE_STRIP = YES;
				ENABLE_NS_ASSERTIONS = NO;
				ENABLE_STRICT_OBJC_MSGSEND = YES;
				GCC_C_LANGUAGE_STANDARD = gnu99;
				GCC_NO_COMMON_BLOCKS = YES;
				GCC_WARN_64_TO_32_BIT_CONVERSION = YES;
				GCC_WARN_ABOUT_RETURN_TYPE = YES_ERROR;
				GCC_WARN_UNDECLARED_SELECTOR = YES;
				GCC_WARN_UNINITIALIZED_AUTOS = YES_AGGRESSIVE;
				GCC_WARN_UNUSED_FUNCTION = YES;
				GCC_WARN_UNUSED_VARIABLE = YES;
				IPHONEOS_DEPLOYMENT_TARGET = 9.0;
				MACOSX_DEPLOYMENT_TARGET = 10.11;
				MTL_ENABLE_DEBUG_INFO = NO;
				PRODUCT_NAME = "";
				SDKROOT = iphoneos;
				SWIFT_COMPILATION_MODE = wholemodule;
				SWIFT_VERSION = 4.2;
				TARGETED_DEVICE_FAMILY = "1,2";
				TVOS_DEPLOYMENT_TARGET = 9.0;
				VALIDATE_PRODUCT = YES;
				WATCHOS_DEPLOYMENT_TARGET = 2.0;
			};
			name = Release;
		};
		4C2776C71A6C55F4007B1133 /* Debug */ = {
			isa = XCBuildConfiguration;
			buildSettings = {
				ALWAYS_EMBED_SWIFT_STANDARD_LIBRARIES = YES;
				ASSETCATALOG_COMPILER_APPICON_NAME = AppIcon;
				"CODE_SIGN_IDENTITY[sdk=iphoneos*]" = "iPhone Developer";
				CODE_SIGN_STYLE = Automatic;
				DEVELOPMENT_TEAM = "";
				FRAMEWORK_SEARCH_PATHS = "$(inherited)";
				INFOPLIST_FILE = "iOS Example/Info.plist";
				LD_RUNPATH_SEARCH_PATHS = "$(inherited) @executable_path/Frameworks";
				OTHER_SWIFT_FLAGS = "$(inherited) -D DEBUG";
				PRODUCT_BUNDLE_IDENTIFIER = "com.nike.$(PRODUCT_NAME:rfc1034identifier)";
				PRODUCT_NAME = "iOS Example";
				PROVISIONING_PROFILE = "";
				PROVISIONING_PROFILE_SPECIFIER = "";
			};
			name = Debug;
		};
		4C2776C81A6C55F4007B1133 /* Release */ = {
			isa = XCBuildConfiguration;
			buildSettings = {
				ALWAYS_EMBED_SWIFT_STANDARD_LIBRARIES = YES;
				ASSETCATALOG_COMPILER_APPICON_NAME = AppIcon;
				"CODE_SIGN_IDENTITY[sdk=iphoneos*]" = "iPhone Developer";
				CODE_SIGN_STYLE = Automatic;
				DEVELOPMENT_TEAM = "";
				FRAMEWORK_SEARCH_PATHS = "$(inherited)";
				INFOPLIST_FILE = "iOS Example/Info.plist";
				LD_RUNPATH_SEARCH_PATHS = "$(inherited) @executable_path/Frameworks";
				PRODUCT_BUNDLE_IDENTIFIER = "com.nike.$(PRODUCT_NAME:rfc1034identifier)";
				PRODUCT_NAME = "iOS Example";
				PROVISIONING_PROFILE_SPECIFIER = "";
			};
			name = Release;
		};
/* End XCBuildConfiguration section */

/* Begin XCConfigurationList section */
		4C2776A21A6C55F4007B1133 /* Build configuration list for PBXProject "iOS Example" */ = {
			isa = XCConfigurationList;
			buildConfigurations = (
				4C2776C41A6C55F4007B1133 /* Debug */,
				4C2776C51A6C55F4007B1133 /* Release */,
			);
			defaultConfigurationIsVisible = 0;
			defaultConfigurationName = Release;
		};
		4C2776C61A6C55F4007B1133 /* Build configuration list for PBXNativeTarget "iOS Example" */ = {
			isa = XCConfigurationList;
			buildConfigurations = (
				4C2776C71A6C55F4007B1133 /* Debug */,
				4C2776C81A6C55F4007B1133 /* Release */,
			);
			defaultConfigurationIsVisible = 0;
			defaultConfigurationName = Release;
		};
/* End XCConfigurationList section */
	};
	rootObject = 4C27769F1A6C55F4007B1133 /* Project object */;
}
